
Microsoft Visual Studio Solution File, Format Version 12.00
# Visual Studio Version 17
VisualStudioVersion = 17.7.34024.191
MinimumVisualStudioVersion = 10.0.40219.1
Project("{FAE04EC0-301F-11D3-BF4B-00C04F79EFBC}") = "CreatorV2", "CreatorV2\CreatorV2.csproj", "{7A459C6F-0D74-4222-98A8-2715A5FF94CD}"
EndProject
Global
	GlobalSection(SolutionConfigurationPlatforms) = preSolution
		Debug|Any CPU = Debug|Any CPU
		Release|Any CPU = Release|Any CPU
	EndGlobalSection
	GlobalSection(ProjectConfigurationPlatforms) = postSolution
		{7A459C6F-0D74-4222-98A8-2715A5FF94CD}.Debug|Any CPU.ActiveCfg = Debug|Any CPU
		{7A459C6F-0D74-4222-98A8-2715A5FF94CD}.Debug|Any CPU.Build.0 = Debug|Any CPU
		{7A459C6F-0D74-4222-98A8-2715A5FF94CD}.Release|Any CPU.ActiveCfg = Release|Any CPU
		{7A459C6F-0D74-4222-98A8-2715A5FF94CD}.Release|Any CPU.Build.0 = Release|Any CPU
	EndGlobalSection
	GlobalSection(SolutionProperties) = preSolution
		HideSolutionNode = FALSE
	EndGlobalSection
	GlobalSection(ExtensibilityGlobals) = postSolution
		SolutionGuid = {6E630F7E-93B8-444C-BE80-6BA16A29BF1C}
	EndGlobalSection
EndGlobal
